
Microsoft Visual Studio Solution File, Format Version 12.00
# Visual Studio Version 17
VisualStudioVersion = 17.2.32630.192
MinimumVisualStudioVersion = 10.0.40219.1
Project("{9A19103F-16F7-4668-BE54-9A1E7A4F7556}") = "neetcode", "neetcode\neetcode.csproj", "{F9CC024A-30BC-4807-9F20-E3EF29EB80B9}"
EndProject
Project("{FAE04EC0-301F-11D3-BF4B-00C04F79EFBC}") = "complete_masterclass", "complete_masterclass\complete_masterclass.csproj", "{42B94BE0-EEEC-4BDD-83BB-A18E17532724}"
EndProject
Global
	GlobalSection(SolutionConfigurationPlatforms) = preSolution
		Debug|Any CPU = Debug|Any CPU
		Release|Any CPU = Release|Any CPU
	EndGlobalSection
	GlobalSection(ProjectConfigurationPlatforms) = postSolution
		{F9CC024A-30BC-4807-9F20-E3EF29EB80B9}.Debug|Any CPU.ActiveCfg = Debug|Any CPU
		{F9CC024A-30BC-4807-9F20-E3EF29EB80B9}.Debug|Any CPU.Build.0 = Debug|Any CPU
		{F9CC024A-30BC-4807-9F20-E3EF29EB80B9}.Release|Any CPU.ActiveCfg = Release|Any CPU
		{F9CC024A-30BC-4807-9F20-E3EF29EB80B9}.Release|Any CPU.Build.0 = Release|Any CPU
		{42B94BE0-EEEC-4BDD-83BB-A18E17532724}.Debug|Any CPU.ActiveCfg = Debug|Any CPU
		{42B94BE0-EEEC-4BDD-83BB-A18E17532724}.Debug|Any CPU.Build.0 = Debug|Any CPU
		{42B94BE0-EEEC-4BDD-83BB-A18E17532724}.Release|Any CPU.ActiveCfg = Release|Any CPU
		{42B94BE0-EEEC-4BDD-83BB-A18E17532724}.Release|Any CPU.Build.0 = Release|Any CPU
	EndGlobalSection
	GlobalSection(SolutionProperties) = preSolution
		HideSolutionNode = FALSE
	EndGlobalSection
	GlobalSection(ExtensibilityGlobals) = postSolution
		SolutionGuid = {971E28D8-9EAF-419D-BCD2-D726DE9BC00C}
	EndGlobalSection
EndGlobal
